<?xml version="1.0" encoding="utf-8"?>
<Project ToolsVersion="4.0" xmlns="http://schemas.microsoft.com/developer/msbuild/2003">
  <ItemGroup>
    <ClCompile Include="src\SeverEntryPoint.cpp" />
    <ClCompile Include="src\TCPServer.cpp" />
    <ClCompile Include="src\UDPServer.cpp" />
  </ItemGroup>
  <ItemGroup>
    <ClInclude Include="src\TCPServer.h" />
    <ClInclude Include="src\UDPServer.h" />
  </ItemGroup>
</Project>