
Microsoft Visual Studio Solution File, Format Version 12.00
# Visual Studio Version 17
VisualStudioVersion = 17.9.34622.214
MinimumVisualStudioVersion = 10.0.40219.1
Project("{8BC9CEB8-8B4A-11D0-8D11-00A0C91BC942}") = "Server", "Server\Server.vcxproj", "{0300D07C-F510-4CEA-8E03-450392CF2078}"
EndProject
Project("{8BC9CEB8-8B4A-11D0-8D11-00A0C91BC942}") = "Client", "Client\Client.vcxproj", "{6CE7C1F4-0AC4-46E8-86A7-92A9F1050FFB}"
EndProject
Project("{8BC9CEB8-8B4A-11D0-8D11-00A0C91BC942}") = "NetworkNode", "NetworkNode\NetworkNode.vcxproj", "{DDD69C08-977F-4CBF-B678-A602BC30E543}"
EndProject
Project("{54435603-DBB4-11D2-8724-00A0C9A8B90C}") = "Setup", "Setup\Setup.vdproj", "{B894464E-B222-40CF-B2AD-F6A0868402C3}"
EndProject
Global
	GlobalSection(SolutionConfigurationPlatforms) = preSolution
		Debug|x64 = Debug|x64
		Debug|x86 = Debug|x86
		Release|x64 = Release|x64
		Release|x86 = Release|x86
	EndGlobalSection
	GlobalSection(ProjectConfigurationPlatforms) = postSolution
		{0300D07C-F510-4CEA-8E03-450392CF2078}.Debug|x64.ActiveCfg = Debug|x64
		{0300D07C-F510-4CEA-8E03-450392CF2078}.Debug|x64.Build.0 = Debug|x64
		{0300D07C-F510-4CEA-8E03-450392CF2078}.Debug|x86.ActiveCfg = Debug|Win32
		{0300D07C-F510-4CEA-8E03-450392CF2078}.Debug|x86.Build.0 = Debug|Win32
		{0300D07C-F510-4CEA-8E03-450392CF2078}.Release|x64.ActiveCfg = Release|x64
		{0300D07C-F510-4CEA-8E03-450392CF2078}.Release|x64.Build.0 = Release|x64
		{0300D07C-F510-4CEA-8E03-450392CF2078}.Release|x86.ActiveCfg = Release|Win32
		{0300D07C-F510-4CEA-8E03-450392CF2078}.Release|x86.Build.0 = Release|Win32
		{6CE7C1F4-0AC4-46E8-86A7-92A9F1050FFB}.Debug|x64.ActiveCfg = Debug|x64
		{6CE7C1F4-0AC4-46E8-86A7-92A9F1050FFB}.Debug|x64.Build.0 = Debug|x64
		{6CE7C1F4-0AC4-46E8-86A7-92A9F1050FFB}.Debug|x86.ActiveCfg = Debug|Win32
		{6CE7C1F4-0AC4-46E8-86A7-92A9F1050FFB}.Debug|x86.Build.0 = Debug|Win32
		{6CE7C1F4-0AC4-46E8-86A7-92A9F1050FFB}.Release|x64.ActiveCfg = Release|x64
		{6CE7C1F4-0AC4-46E8-86A7-92A9F1050FFB}.Release|x64.Build.0 = Release|x64
		{6CE7C1F4-0AC4-46E8-86A7-92A9F1050FFB}.Release|x86.ActiveCfg = Release|Win32
		{6CE7C1F4-0AC4-46E8-86A7-92A9F1050FFB}.Release|x86.Build.0 = Release|Win32
		{DDD69C08-977F-4CBF-B678-A602BC30E543}.Debug|x64.ActiveCfg = Debug|x64
		{DDD69C08-977F-4CBF-B678-A602BC30E543}.Debug|x64.Build.0 = Debug|x64
		{DDD69C08-977F-4CBF-B678-A602BC30E543}.Debug|x86.ActiveCfg = Debug|Win32
		{DDD69C08-977F-4CBF-B678-A602BC30E543}.Debug|x86.Build.0 = Debug|Win32
		{DDD69C08-977F-4CBF-B678-A602BC30E543}.Release|x64.ActiveCfg = Release|x64
		{DDD69C08-977F-4CBF-B678-A602BC30E543}.Release|x64.Build.0 = Release|x64
		{DDD69C08-977F-4CBF-B678-A602BC30E543}.Release|x86.ActiveCfg = Release|Win32
		{DDD69C08-977F-4CBF-B678-A602BC30E543}.Release|x86.Build.0 = Release|Win32
		{B894464E-B222-40CF-B2AD-F6A0868402C3}.Debug|x64.ActiveCfg = Debug
		{B894464E-B222-40CF-B2AD-F6A0868402C3}.Debug|x86.ActiveCfg = Debug
		{B894464E-B222-40CF-B2AD-F6A0868402C3}.Release|x64.ActiveCfg = Release
		{B894464E-B222-40CF-B2AD-F6A0868402C3}.Release|x86.ActiveCfg = Release
	EndGlobalSection
	GlobalSection(SolutionProperties) = preSolution
		HideSolutionNode = FALSE
	EndGlobalSection
	GlobalSection(ExtensibilityGlobals) = postSolution
		SolutionGuid = {6AE334E2-E6A5-4B37-9A1F-85A529B6B1E4}
	EndGlobalSection
EndGlobal
